
Microsoft Visual Studio Solution File, Format Version 12.00
# Visual Studio 15
VisualStudioVersion = 15.0.28010.2026
MinimumVisualStudioVersion = 10.0.40219.1
Project("{FAE04EC0-301F-11D3-BF4B-00C04F79EFBC}") = "CSViewer-5000", "CSViewer-5000\CSViewer-5000.csproj", "{654DF6D2-9DAD-4002-B536-39E8C4391451}"
EndProject
Project("{FAE04EC0-301F-11D3-BF4B-00C04F79EFBC}") = "ClassLibrary1", "ClassLibrary1\ClassLibrary1.csproj", "{EA37D089-C97A-4ECB-9C0F-0D43DA7A6D50}"
EndProject
Global
	GlobalSection(SolutionConfigurationPlatforms) = preSolution
		Debug|Any CPU = Debug|Any CPU
		Release|Any CPU = Release|Any CPU
	EndGlobalSection
	GlobalSection(ProjectConfigurationPlatforms) = postSolution
		{654DF6D2-9DAD-4002-B536-39E8C4391451}.Debug|Any CPU.ActiveCfg = Debug|Any CPU
		{654DF6D2-9DAD-4002-B536-39E8C4391451}.Debug|Any CPU.Build.0 = Debug|Any CPU
		{654DF6D2-9DAD-4002-B536-39E8C4391451}.Release|Any CPU.ActiveCfg = Release|Any CPU
		{654DF6D2-9DAD-4002-B536-39E8C4391451}.Release|Any CPU.Build.0 = Release|Any CPU
		{EA37D089-C97A-4ECB-9C0F-0D43DA7A6D50}.Debug|Any CPU.ActiveCfg = Debug|Any CPU
		{EA37D089-C97A-4ECB-9C0F-0D43DA7A6D50}.Debug|Any CPU.Build.0 = Debug|Any CPU
		{EA37D089-C97A-4ECB-9C0F-0D43DA7A6D50}.Release|Any CPU.ActiveCfg = Release|Any CPU
		{EA37D089-C97A-4ECB-9C0F-0D43DA7A6D50}.Release|Any CPU.Build.0 = Release|Any CPU
	EndGlobalSection
	GlobalSection(SolutionProperties) = preSolution
		HideSolutionNode = FALSE
	EndGlobalSection
	GlobalSection(ExtensibilityGlobals) = postSolution
		SolutionGuid = {D66304A1-3133-456B-99BD-E1A19ED8D8FA}
	EndGlobalSection
EndGlobal
